
Microsoft Visual Studio Solution File, Format Version 12.00
# Visual Studio Version 16
VisualStudioVersion = 16.0.29905.134
MinimumVisualStudioVersion = 10.0.40219.1
Project("{9A19103F-16F7-4668-BE54-9A1E7A4F7556}") = "FYMApp", "FYMApp\FYMApp\FYMApp.csproj", "{D7921E94-34E9-4559-A6A6-0137E9767392}"
EndProject
Project("{FAE04EC0-301F-11D3-BF4B-00C04F79EFBC}") = "FYMApp.Android", "FYMApp\FYMApp.Android\FYMApp.Android.csproj", "{8C945BBE-42A6-4BB1-A389-AED9FB22AD41}"
EndProject
Project("{FAE04EC0-301F-11D3-BF4B-00C04F79EFBC}") = "FYMApp.iOS", "FYMApp\FYMApp.iOS\FYMApp.iOS.csproj", "{46B89A31-0294-405D-9163-0B829621BB78}"
EndProject
Project("{FAE04EC0-301F-11D3-BF4B-00C04F79EFBC}") = "FYMApp.UWP", "FYMApp\FYMApp.UWP\FYMApp.UWP.csproj", "{CDD0DF02-BE7B-446F-8CB3-03A73EC8DA4E}"
EndProject
Project("{9A19103F-16F7-4668-BE54-9A1E7A4F7556}") = "FYMWebAPI", "FYMWebAPI\FYMWebAPI.csproj", "{7C592F3C-5637-4A0A-B44C-BC41D807288B}"
EndProject
Global
	GlobalSection(SolutionConfigurationPlatforms) = preSolution
		Ad-Hoc|Any CPU = Ad-Hoc|Any CPU
		Ad-Hoc|ARM = Ad-Hoc|ARM
		Ad-Hoc|iPhone = Ad-Hoc|iPhone
		Ad-Hoc|iPhoneSimulator = Ad-Hoc|iPhoneSimulator
		Ad-Hoc|x64 = Ad-Hoc|x64
		Ad-Hoc|x86 = Ad-Hoc|x86
		AppStore|Any CPU = AppStore|Any CPU
		AppStore|ARM = AppStore|ARM
		AppStore|iPhone = AppStore|iPhone
		AppStore|iPhoneSimulator = AppStore|iPhoneSimulator
		AppStore|x64 = AppStore|x64
		AppStore|x86 = AppStore|x86
		Debug|Any CPU = Debug|Any CPU
		Debug|ARM = Debug|ARM
		Debug|iPhone = Debug|iPhone
		Debug|iPhoneSimulator = Debug|iPhoneSimulator
		Debug|x64 = Debug|x64
		Debug|x86 = Debug|x86
		Release|Any CPU = Release|Any CPU
		Release|ARM = Release|ARM
		Release|iPhone = Release|iPhone
		Release|iPhoneSimulator = Release|iPhoneSimulator
		Release|x64 = Release|x64
		Release|x86 = Release|x86
	EndGlobalSection
	GlobalSection(ProjectConfigurationPlatforms) = postSolution
		{D7921E94-34E9-4559-A6A6-0137E9767392}.Ad-Hoc|Any CPU.ActiveCfg = Debug|Any CPU
		{D7921E94-34E9-4559-A6A6-0137E9767392}.Ad-Hoc|Any CPU.Build.0 = Debug|Any CPU
		{D7921E94-34E9-4559-A6A6-0137E9767392}.Ad-Hoc|ARM.ActiveCfg = Debug|Any CPU
		{D7921E94-34E9-4559-A6A6-0137E9767392}.Ad-Hoc|ARM.Build.0 = Debug|Any CPU
		{D7921E94-34E9-4559-A6A6-0137E9767392}.Ad-Hoc|iPhone.ActiveCfg = Debug|Any CPU
		{D7921E94-34E9-4559-A6A6-0137E9767392}.Ad-Hoc|iPhone.Build.0 = Debug|Any CPU
		{D7921E94-34E9-4559-A6A6-0137E9767392}.Ad-Hoc|iPhoneSimulator.ActiveCfg = Debug|Any CPU
		{D7921E94-34E9-4559-A6A6-0137E9767392}.Ad-Hoc|iPhoneSimulator.Build.0 = Debug|Any CPU
		{D7921E94-34E9-4559-A6A6-0137E9767392}.Ad-Hoc|x64.ActiveCfg = Debug|Any CPU
		{D7921E94-34E9-4559-A6A6-0137E9767392}.Ad-Hoc|x64.Build.0 = Debug|Any CPU
		{D7921E94-34E9-4559-A6A6-0137E9767392}.Ad-Hoc|x86.ActiveCfg = Debug|Any CPU
		{D7921E94-34E9-4559-A6A6-0137E9767392}.Ad-Hoc|x86.Build.0 = Debug|Any CPU
		{D7921E94-34E9-4559-A6A6-0137E9767392}.AppStore|Any CPU.ActiveCfg = Debug|Any CPU
		{D7921E94-34E9-4559-A6A6-0137E9767392}.AppStore|Any CPU.Build.0 = Debug|Any CPU
		{D7921E94-34E9-4559-A6A6-0137E9767392}.AppStore|ARM.ActiveCfg = Debug|Any CPU
		{D7921E94-34E9-4559-A6A6-0137E9767392}.AppStore|ARM.Build.0 = Debug|Any CPU
		{D7921E94-34E9-4559-A6A6-0137E9767392}.AppStore|iPhone.ActiveCfg = Debug|Any CPU
		{D7921E94-34E9-4559-A6A6-0137E9767392}.AppStore|iPhone.Build.0 = Debug|Any CPU
		{D7921E94-34E9-4559-A6A6-0137E9767392}.AppStore|iPhoneSimulator.ActiveCfg = Debug|Any CPU
		{D7921E94-34E9-4559-A6A6-0137E9767392}.AppStore|iPhoneSimulator.Build.0 = Debug|Any CPU
		{D7921E94-34E9-4559-A6A6-0137E9767392}.AppStore|x64.ActiveCfg = Debug|Any CPU
		{D7921E94-34E9-4559-A6A6-0137E9767392}.AppStore|x64.Build.0 = Debug|Any CPU
		{D7921E94-34E9-4559-A6A6-0137E9767392}.AppStore|x86.ActiveCfg = Debug|Any CPU
		{D7921E94-34E9-4559-A6A6-0137E9767392}.AppStore|x86.Build.0 = Debug|Any CPU
		{D7921E94-34E9-4559-A6A6-0137E9767392}.Debug|Any CPU.ActiveCfg = Debug|Any CPU
		{D7921E94-34E9-4559-A6A6-0137E9767392}.Debug|Any CPU.Build.0 = Debug|Any CPU
		{D7921E94-34E9-4559-A6A6-0137E9767392}.Debug|ARM.ActiveCfg = Debug|Any CPU
		{D7921E94-34E9-4559-A6A6-0137E9767392}.Debug|ARM.Build.0 = Debug|Any CPU
		{D7921E94-34E9-4559-A6A6-0137E9767392}.Debug|iPhone.ActiveCfg = Debug|Any CPU
		{D7921E94-34E9-4559-A6A6-0137E9767392}.Debug|iPhone.Build.0 = Debug|Any CPU
		{D7921E94-34E9-4559-A6A6-0137E9767392}.Debug|iPhoneSimulator.ActiveCfg = Debug|Any CPU
		{D7921E94-34E9-4559-A6A6-0137E9767392}.Debug|iPhoneSimulator.Build.0 = Debug|Any CPU
		{D7921E94-34E9-4559-A6A6-0137E9767392}.Debug|x64.ActiveCfg = Debug|Any CPU
		{D7921E94-34E9-4559-A6A6-0137E9767392}.Debug|x64.Build.0 = Debug|Any CPU
		{D7921E94-34E9-4559-A6A6-0137E9767392}.Debug|x86.ActiveCfg = Debug|Any CPU
		{D7921E94-34E9-4559-A6A6-0137E9767392}.Debug|x86.Build.0 = Debug|Any CPU
		{D7921E94-34E9-4559-A6A6-0137E9767392}.Release|Any CPU.ActiveCfg = Release|Any CPU
		{D7921E94-34E9-4559-A6A6-0137E9767392}.Release|Any CPU.Build.0 = Release|Any CPU
		{D7921E94-34E9-4559-A6A6-0137E9767392}.Release|ARM.ActiveCfg = Release|Any CPU
		{D7921E94-34E9-4559-A6A6-0137E9767392}.Release|ARM.Build.0 = Release|Any CPU
		{D7921E94-34E9-4559-A6A6-0137E9767392}.Release|iPhone.ActiveCfg = Release|Any CPU
		{D7921E94-34E9-4559-A6A6-0137E9767392}.Release|iPhone.Build.0 = Release|Any CPU
		{D7921E94-34E9-4559-A6A6-0137E9767392}.Release|iPhoneSimulator.ActiveCfg = Release|Any CPU
		{D7921E94-34E9-4559-A6A6-0137E9767392}.Release|iPhoneSimulator.Build.0 = Release|Any CPU
		{D7921E94-34E9-4559-A6A6-0137E9767392}.Release|x64.ActiveCfg = Release|Any CPU
		{D7921E94-34E9-4559-A6A6-0137E9767392}.Release|x64.Build.0 = Release|Any CPU
		{D7921E94-34E9-4559-A6A6-0137E9767392}.Release|x86.ActiveCfg = Release|Any CPU
		{D7921E94-34E9-4559-A6A6-0137E9767392}.Release|x86.Build.0 = Release|Any CPU
		{8C945BBE-42A6-4BB1-A389-AED9FB22AD41}.Ad-Hoc|Any CPU.ActiveCfg = Release|Any CPU
		{8C945BBE-42A6-4BB1-A389-AED9FB22AD41}.Ad-Hoc|Any CPU.Build.0 = Release|Any CPU
		{8C945BBE-42A6-4BB1-A389-AED9FB22AD41}.Ad-Hoc|Any CPU.Deploy.0 = Release|Any CPU
		{8C945BBE-42A6-4BB1-A389-AED9FB22AD41}.Ad-Hoc|ARM.ActiveCfg = Release|Any CPU
		{8C945BBE-42A6-4BB1-A389-AED9FB22AD41}.Ad-Hoc|ARM.Build.0 = Release|Any CPU
		{8C945BBE-42A6-4BB1-A389-AED9FB22AD41}.Ad-Hoc|ARM.Deploy.0 = Release|Any CPU
		{8C945BBE-42A6-4BB1-A389-AED9FB22AD41}.Ad-Hoc|iPhone.ActiveCfg = Release|Any CPU
		{8C945BBE-42A6-4BB1-A389-AED9FB22AD41}.Ad-Hoc|iPhone.Build.0 = Release|Any CPU
		{8C945BBE-42A6-4BB1-A389-AED9FB22AD41}.Ad-Hoc|iPhone.Deploy.0 = Release|Any CPU
		{8C945BBE-42A6-4BB1-A389-AED9FB22AD41}.Ad-Hoc|iPhoneSimulator.ActiveCfg = Release|Any CPU
		{8C945BBE-42A6-4BB1-A389-AED9FB22AD41}.Ad-Hoc|iPhoneSimulator.Build.0 = Release|Any CPU
		{8C945BBE-42A6-4BB1-A389-AED9FB22AD41}.Ad-Hoc|iPhoneSimulator.Deploy.0 = Release|Any CPU
		{8C945BBE-42A6-4BB1-A389-AED9FB22AD41}.Ad-Hoc|x64.ActiveCfg = Release|Any CPU
		{8C945BBE-42A6-4BB1-A389-AED9FB22AD41}.Ad-Hoc|x64.Build.0 = Release|Any CPU
		{8C945BBE-42A6-4BB1-A389-AED9FB22AD41}.Ad-Hoc|x64.Deploy.0 = Release|Any CPU
		{8C945BBE-42A6-4BB1-A389-AED9FB22AD41}.Ad-Hoc|x86.ActiveCfg = Release|Any CPU
		{8C945BBE-42A6-4BB1-A389-AED9FB22AD41}.Ad-Hoc|x86.Build.0 = Release|Any CPU
		{8C945BBE-42A6-4BB1-A389-AED9FB22AD41}.Ad-Hoc|x86.Deploy.0 = Release|Any CPU
		{8C945BBE-42A6-4BB1-A389-AED9FB22AD41}.AppStore|Any CPU.ActiveCfg = Release|Any CPU
		{8C945BBE-42A6-4BB1-A389-AED9FB22AD41}.AppStore|Any CPU.Build.0 = Release|Any CPU
		{8C945BBE-42A6-4BB1-A389-AED9FB22AD41}.AppStore|Any CPU.Deploy.0 = Release|Any CPU
		{8C945BBE-42A6-4BB1-A389-AED9FB22AD41}.AppStore|ARM.ActiveCfg = Release|Any CPU
		{8C945BBE-42A6-4BB1-A389-AED9FB22AD41}.AppStore|ARM.Build.0 = Release|Any CPU
		{8C945BBE-42A6-4BB1-A389-AED9FB22AD41}.AppStore|ARM.Deploy.0 = Release|Any CPU
		{8C945BBE-42A6-4BB1-A389-AED9FB22AD41}.AppStore|iPhone.ActiveCfg = Release|Any CPU
		{8C945BBE-42A6-4BB1-A389-AED9FB22AD41}.AppStore|iPhone.Build.0 = Release|Any CPU
		{8C945BBE-42A6-4BB1-A389-AED9FB22AD41}.AppStore|iPhone.Deploy.0 = Release|Any CPU
		{8C945BBE-42A6-4BB1-A389-AED9FB22AD41}.AppStore|iPhoneSimulator.ActiveCfg = Release|Any CPU
		{8C945BBE-42A6-4BB1-A389-AED9FB22AD41}.AppStore|iPhoneSimulator.Build.0 = Release|Any CPU
		{8C945BBE-42A6-4BB1-A389-AED9FB22AD41}.AppStore|iPhoneSimulator.Deploy.0 = Release|Any CPU
		{8C945BBE-42A6-4BB1-A389-AED9FB22AD41}.AppStore|x64.ActiveCfg = Release|Any CPU
		{8C945BBE-42A6-4BB1-A389-AED9FB22AD41}.AppStore|x64.Build.0 = Release|Any CPU
		{8C945BBE-42A6-4BB1-A389-AED9FB22AD41}.AppStore|x64.Deploy.0 = Release|Any CPU
		{8C945BBE-42A6-4BB1-A389-AED9FB22AD41}.AppStore|x86.ActiveCfg = Release|Any CPU
		{8C945BBE-42A6-4BB1-A389-AED9FB22AD41}.AppStore|x86.Build.0 = Release|Any CPU
		{8C945BBE-42A6-4BB1-A389-AED9FB22AD41}.AppStore|x86.Deploy.0 = Release|Any CPU
		{8C945BBE-42A6-4BB1-A389-AED9FB22AD41}.Debug|Any CPU.ActiveCfg = Debug|Any CPU
		{8C945BBE-42A6-4BB1-A389-AED9FB22AD41}.Debug|Any CPU.Build.0 = Debug|Any CPU
		{8C945BBE-42A6-4BB1-A389-AED9FB22AD41}.Debug|Any CPU.Deploy.0 = Debug|Any CPU
		{8C945BBE-42A6-4BB1-A389-AED9FB22AD41}.Debug|ARM.ActiveCfg = Debug|Any CPU
		{8C945BBE-42A6-4BB1-A389-AED9FB22AD41}.Debug|ARM.Build.0 = Debug|Any CPU
		{8C945BBE-42A6-4BB1-A389-AED9FB22AD41}.Debug|ARM.Deploy.0 = Debug|Any CPU
		{8C945BBE-42A6-4BB1-A389-AED9FB22AD41}.Debug|iPhone.ActiveCfg = Debug|Any CPU
		{8C945BBE-42A6-4BB1-A389-AED9FB22AD41}.Debug|iPhone.Build.0 = Debug|Any CPU
		{8C945BBE-42A6-4BB1-A389-AED9FB22AD41}.Debug|iPhone.Deploy.0 = Debug|Any CPU
		{8C945BBE-42A6-4BB1-A389-AED9FB22AD41}.Debug|iPhoneSimulator.ActiveCfg = Debug|Any CPU
		{8C945BBE-42A6-4BB1-A389-AED9FB22AD41}.Debug|iPhoneSimulator.Build.0 = Debug|Any CPU
		{8C945BBE-42A6-4BB1-A389-AED9FB22AD41}.Debug|iPhoneSimulator.Deploy.0 = Debug|Any CPU
		{8C945BBE-42A6-4BB1-A389-AED9FB22AD41}.Debug|x64.ActiveCfg = Debug|Any CPU
		{8C945BBE-42A6-4BB1-A389-AED9FB22AD41}.Debug|x64.Build.0 = Debug|Any CPU
		{8C945BBE-42A6-4BB1-A389-AED9FB22AD41}.Debug|x64.Deploy.0 = Debug|Any CPU
		{8C945BBE-42A6-4BB1-A389-AED9FB22AD41}.Debug|x86.ActiveCfg = Debug|Any CPU
		{8C945BBE-42A6-4BB1-A389-AED9FB22AD41}.Debug|x86.Build.0 = Debug|Any CPU
		{8C945BBE-42A6-4BB1-A389-AED9FB22AD41}.Debug|x86.Deploy.0 = Debug|Any CPU
		{8C945BBE-42A6-4BB1-A389-AED9FB22AD41}.Release|Any CPU.ActiveCfg = Release|Any CPU
		{8C945BBE-42A6-4BB1-A389-AED9FB22AD41}.Release|Any CPU.Build.0 = Release|Any CPU
		{8C945BBE-42A6-4BB1-A389-AED9FB22AD41}.Release|Any CPU.Deploy.0 = Release|Any CPU
		{8C945BBE-42A6-4BB1-A389-AED9FB22AD41}.Release|ARM.ActiveCfg = Release|Any CPU
		{8C945BBE-42A6-4BB1-A389-AED9FB22AD41}.Release|ARM.Build.0 = Release|Any CPU
		{8C945BBE-42A6-4BB1-A389-AED9FB22AD41}.Release|ARM.Deploy.0 = Release|Any CPU
		{8C945BBE-42A6-4BB1-A389-AED9FB22AD41}.Release|iPhone.ActiveCfg = Release|Any CPU
		{8C945BBE-42A6-4BB1-A389-AED9FB22AD41}.Release|iPhone.Build.0 = Release|Any CPU
		{8C945BBE-42A6-4BB1-A389-AED9FB22AD41}.Release|iPhone.Deploy.0 = Release|Any CPU
		{8C945BBE-42A6-4BB1-A389-AED9FB22AD41}.Release|iPhoneSimulator.ActiveCfg = Release|Any CPU
		{8C945BBE-42A6-4BB1-A389-AED9FB22AD41}.Release|iPhoneSimulator.Build.0 = Release|Any CPU
		{8C945BBE-42A6-4BB1-A389-AED9FB22AD41}.Release|iPhoneSimulator.Deploy.0 = Release|Any CPU
		{8C945BBE-42A6-4BB1-A389-AED9FB22AD41}.Release|x64.ActiveCfg = Release|Any CPU
		{8C945BBE-42A6-4BB1-A389-AED9FB22AD41}.Release|x64.Build.0 = Release|Any CPU
		{8C945BBE-42A6-4BB1-A389-AED9FB22AD41}.Release|x64.Deploy.0 = Release|Any CPU
		{8C945BBE-42A6-4BB1-A389-AED9FB22AD41}.Release|x86.ActiveCfg = Release|Any CPU
		{8C945BBE-42A6-4BB1-A389-AED9FB22AD41}.Release|x86.Build.0 = Release|Any CPU
		{8C945BBE-42A6-4BB1-A389-AED9FB22AD41}.Release|x86.Deploy.0 = Release|Any CPU
		{46B89A31-0294-405D-9163-0B829621BB78}.Ad-Hoc|Any CPU.ActiveCfg = Ad-Hoc|iPhone
		{46B89A31-0294-405D-9163-0B829621BB78}.Ad-Hoc|ARM.ActiveCfg = Ad-Hoc|iPhone
		{46B89A31-0294-405D-9163-0B829621BB78}.Ad-Hoc|iPhone.ActiveCfg = Ad-Hoc|iPhone
		{46B89A31-0294-405D-9163-0B829621BB78}.Ad-Hoc|iPhone.Build.0 = Ad-Hoc|iPhone
		{46B89A31-0294-405D-9163-0B829621BB78}.Ad-Hoc|iPhoneSimulator.ActiveCfg = Ad-Hoc|iPhoneSimulator
		{46B89A31-0294-405D-9163-0B829621BB78}.Ad-Hoc|iPhoneSimulator.Build.0 = Ad-Hoc|iPhoneSimulator
		{46B89A31-0294-405D-9163-0B829621BB78}.Ad-Hoc|x64.ActiveCfg = Ad-Hoc|iPhone
		{46B89A31-0294-405D-9163-0B829621BB78}.Ad-Hoc|x86.ActiveCfg = Ad-Hoc|iPhone
		{46B89A31-0294-405D-9163-0B829621BB78}.AppStore|Any CPU.ActiveCfg = AppStore|iPhone
		{46B89A31-0294-405D-9163-0B829621BB78}.AppStore|ARM.ActiveCfg = AppStore|iPhone
		{46B89A31-0294-405D-9163-0B829621BB78}.AppStore|iPhone.ActiveCfg = AppStore|iPhone
		{46B89A31-0294-405D-9163-0B829621BB78}.AppStore|iPhone.Build.0 = AppStore|iPhone
		{46B89A31-0294-405D-9163-0B829621BB78}.AppStore|iPhoneSimulator.ActiveCfg = AppStore|iPhoneSimulator
		{46B89A31-0294-405D-9163-0B829621BB78}.AppStore|iPhoneSimulator.Build.0 = AppStore|iPhoneSimulator
		{46B89A31-0294-405D-9163-0B829621BB78}.AppStore|x64.ActiveCfg = AppStore|iPhone
		{46B89A31-0294-405D-9163-0B829621BB78}.AppStore|x86.ActiveCfg = AppStore|iPhone
		{46B89A31-0294-405D-9163-0B829621BB78}.Debug|Any CPU.ActiveCfg = Debug|iPhone
		{46B89A31-0294-405D-9163-0B829621BB78}.Debug|ARM.ActiveCfg = Debug|iPhone
		{46B89A31-0294-405D-9163-0B829621BB78}.Debug|iPhone.ActiveCfg = Debug|iPhone
		{46B89A31-0294-405D-9163-0B829621BB78}.Debug|iPhone.Build.0 = Debug|iPhone
		{46B89A31-0294-405D-9163-0B829621BB78}.Debug|iPhoneSimulator.ActiveCfg = Debug|iPhoneSimulator
		{46B89A31-0294-405D-9163-0B829621BB78}.Debug|iPhoneSimulator.Build.0 = Debug|iPhoneSimulator
		{46B89A31-0294-405D-9163-0B829621BB78}.Debug|x64.ActiveCfg = Debug|iPhone
		{46B89A31-0294-405D-9163-0B829621BB78}.Debug|x86.ActiveCfg = Debug|iPhone
		{46B89A31-0294-405D-9163-0B829621BB78}.Release|Any CPU.ActiveCfg = Release|iPhone
		{46B89A31-0294-405D-9163-0B829621BB78}.Release|ARM.ActiveCfg = Release|iPhone
		{46B89A31-0294-405D-9163-0B829621BB78}.Release|iPhone.ActiveCfg = Release|iPhone
		{46B89A31-0294-405D-9163-0B829621BB78}.Release|iPhone.Build.0 = Release|iPhone
		{46B89A31-0294-405D-9163-0B829621BB78}.Release|iPhoneSimulator.ActiveCfg = Release|iPhoneSimulator
		{46B89A31-0294-405D-9163-0B829621BB78}.Release|iPhoneSimulator.Build.0 = Release|iPhoneSimulator
		{46B89A31-0294-405D-9163-0B829621BB78}.Release|x64.ActiveCfg = Release|iPhone
		{46B89A31-0294-405D-9163-0B829621BB78}.Release|x86.ActiveCfg = Release|iPhone
		{CDD0DF02-BE7B-446F-8CB3-03A73EC8DA4E}.Ad-Hoc|Any CPU.ActiveCfg = Release|x86
		{CDD0DF02-BE7B-446F-8CB3-03A73EC8DA4E}.Ad-Hoc|Any CPU.Build.0 = Release|x86
		{CDD0DF02-BE7B-446F-8CB3-03A73EC8DA4E}.Ad-Hoc|Any CPU.Deploy.0 = Release|x86
		{CDD0DF02-BE7B-446F-8CB3-03A73EC8DA4E}.Ad-Hoc|ARM.ActiveCfg = Release|ARM
		{CDD0DF02-BE7B-446F-8CB3-03A73EC8DA4E}.Ad-Hoc|ARM.Build.0 = Release|ARM
		{CDD0DF02-BE7B-446F-8CB3-03A73EC8DA4E}.Ad-Hoc|ARM.Deploy.0 = Release|ARM
		{CDD0DF02-BE7B-446F-8CB3-03A73EC8DA4E}.Ad-Hoc|iPhone.ActiveCfg = Release|x86
		{CDD0DF02-BE7B-446F-8CB3-03A73EC8DA4E}.Ad-Hoc|iPhone.Build.0 = Release|x86
		{CDD0DF02-BE7B-446F-8CB3-03A73EC8DA4E}.Ad-Hoc|iPhone.Deploy.0 = Release|x86
		{CDD0DF02-BE7B-446F-8CB3-03A73EC8DA4E}.Ad-Hoc|iPhoneSimulator.ActiveCfg = Release|x86
		{CDD0DF02-BE7B-446F-8CB3-03A73EC8DA4E}.Ad-Hoc|iPhoneSimulator.Build.0 = Release|x86
		{CDD0DF02-BE7B-446F-8CB3-03A73EC8DA4E}.Ad-Hoc|iPhoneSimulator.Deploy.0 = Release|x86
		{CDD0DF02-BE7B-446F-8CB3-03A73EC8DA4E}.Ad-Hoc|x64.ActiveCfg = Release|x64
		{CDD0DF02-BE7B-446F-8CB3-03A73EC8DA4E}.Ad-Hoc|x64.Build.0 = Release|x64
		{CDD0DF02-BE7B-446F-8CB3-03A73EC8DA4E}.Ad-Hoc|x64.Deploy.0 = Release|x64
		{CDD0DF02-BE7B-446F-8CB3-03A73EC8DA4E}.Ad-Hoc|x86.ActiveCfg = Release|x86
		{CDD0DF02-BE7B-446F-8CB3-03A73EC8DA4E}.Ad-Hoc|x86.Build.0 = Release|x86
		{CDD0DF02-BE7B-446F-8CB3-03A73EC8DA4E}.Ad-Hoc|x86.Deploy.0 = Release|x86
		{CDD0DF02-BE7B-446F-8CB3-03A73EC8DA4E}.AppStore|Any CPU.ActiveCfg = Release|x86
		{CDD0DF02-BE7B-446F-8CB3-03A73EC8DA4E}.AppStore|Any CPU.Build.0 = Release|x86
		{CDD0DF02-BE7B-446F-8CB3-03A73EC8DA4E}.AppStore|Any CPU.Deploy.0 = Release|x86
		{CDD0DF02-BE7B-446F-8CB3-03A73EC8DA4E}.AppStore|ARM.ActiveCfg = Release|ARM
		{CDD0DF02-BE7B-446F-8CB3-03A73EC8DA4E}.AppStore|ARM.Build.0 = Release|ARM
		{CDD0DF02-BE7B-446F-8CB3-03A73EC8DA4E}.AppStore|ARM.Deploy.0 = Release|ARM
		{CDD0DF02-BE7B-446F-8CB3-03A73EC8DA4E}.AppStore|iPhone.ActiveCfg = Release|x86
		{CDD0DF02-BE7B-446F-8CB3-03A73EC8DA4E}.AppStore|iPhone.Build.0 = Release|x86
		{CDD0DF02-BE7B-446F-8CB3-03A73EC8DA4E}.AppStore|iPhone.Deploy.0 = Release|x86
		{CDD0DF02-BE7B-446F-8CB3-03A73EC8DA4E}.AppStore|iPhoneSimulator.ActiveCfg = Release|x86
		{CDD0DF02-BE7B-446F-8CB3-03A73EC8DA4E}.AppStore|iPhoneSimulator.Build.0 = Release|x86
		{CDD0DF02-BE7B-446F-8CB3-03A73EC8DA4E}.AppStore|iPhoneSimulator.Deploy.0 = Release|x86
		{CDD0DF02-BE7B-446F-8CB3-03A73EC8DA4E}.AppStore|x64.ActiveCfg = Release|x64
		{CDD0DF02-BE7B-446F-8CB3-03A73EC8DA4E}.AppStore|x64.Build.0 = Release|x64
		{CDD0DF02-BE7B-446F-8CB3-03A73EC8DA4E}.AppStore|x64.Deploy.0 = Release|x64
		{CDD0DF02-BE7B-446F-8CB3-03A73EC8DA4E}.AppStore|x86.ActiveCfg = Release|x86
		{CDD0DF02-BE7B-446F-8CB3-03A73EC8DA4E}.AppStore|x86.Build.0 = Release|x86
		{CDD0DF02-BE7B-446F-8CB3-03A73EC8DA4E}.AppStore|x86.Deploy.0 = Release|x86
		{CDD0DF02-BE7B-446F-8CB3-03A73EC8DA4E}.Debug|Any CPU.ActiveCfg = Debug|x86
		{CDD0DF02-BE7B-446F-8CB3-03A73EC8DA4E}.Debug|ARM.ActiveCfg = Debug|ARM
		{CDD0DF02-BE7B-446F-8CB3-03A73EC8DA4E}.Debug|ARM.Build.0 = Debug|ARM
		{CDD0DF02-BE7B-446F-8CB3-03A73EC8DA4E}.Debug|ARM.Deploy.0 = Debug|ARM
		{CDD0DF02-BE7B-446F-8CB3-03A73EC8DA4E}.Debug|iPhone.ActiveCfg = Debug|x86
		{CDD0DF02-BE7B-446F-8CB3-03A73EC8DA4E}.Debug|iPhoneSimulator.ActiveCfg = Debug|x86
		{CDD0DF02-BE7B-446F-8CB3-03A73EC8DA4E}.Debug|x64.ActiveCfg = Debug|x64
		{CDD0DF02-BE7B-446F-8CB3-03A73EC8DA4E}.Debug|x64.Build.0 = Debug|x64
		{CDD0DF02-BE7B-446F-8CB3-03A73EC8DA4E}.Debug|x64.Deploy.0 = Debug|x64
		{CDD0DF02-BE7B-446F-8CB3-03A73EC8DA4E}.Debug|x86.ActiveCfg = Debug|x86
		{CDD0DF02-BE7B-446F-8CB3-03A73EC8DA4E}.Debug|x86.Build.0 = Debug|x86
		{CDD0DF02-BE7B-446F-8CB3-03A73EC8DA4E}.Debug|x86.Deploy.0 = Debug|x86
		{CDD0DF02-BE7B-446F-8CB3-03A73EC8DA4E}.Release|Any CPU.ActiveCfg = Release|x86
		{CDD0DF02-BE7B-446F-8CB3-03A73EC8DA4E}.Release|ARM.ActiveCfg = Release|ARM
		{CDD0DF02-BE7B-446F-8CB3-03A73EC8DA4E}.Release|ARM.Build.0 = Release|ARM
		{CDD0DF02-BE7B-446F-8CB3-03A73EC8DA4E}.Release|ARM.Deploy.0 = Release|ARM
		{CDD0DF02-BE7B-446F-8CB3-03A73EC8DA4E}.Release|iPhone.ActiveCfg = Release|x86
		{CDD0DF02-BE7B-446F-8CB3-03A73EC8DA4E}.Release|iPhoneSimulator.ActiveCfg = Release|x86
		{CDD0DF02-BE7B-446F-8CB3-03A73EC8DA4E}.Release|x64.ActiveCfg = Release|x64
		{CDD0DF02-BE7B-446F-8CB3-03A73EC8DA4E}.Release|x64.Build.0 = Release|x64
		{CDD0DF02-BE7B-446F-8CB3-03A73EC8DA4E}.Release|x64.Deploy.0 = Release|x64
		{CDD0DF02-BE7B-446F-8CB3-03A73EC8DA4E}.Release|x86.ActiveCfg = Release|x86
		{CDD0DF02-BE7B-446F-8CB3-03A73EC8DA4E}.Release|x86.Build.0 = Release|x86
		{CDD0DF02-BE7B-446F-8CB3-03A73EC8DA4E}.Release|x86.Deploy.0 = Release|x86
		{7C592F3C-5637-4A0A-B44C-BC41D807288B}.Ad-Hoc|Any CPU.ActiveCfg = Debug|Any CPU
		{7C592F3C-5637-4A0A-B44C-BC41D807288B}.Ad-Hoc|Any CPU.Build.0 = Debug|Any CPU
		{7C592F3C-5637-4A0A-B44C-BC41D807288B}.Ad-Hoc|ARM.ActiveCfg = Debug|Any CPU
		{7C592F3C-5637-4A0A-B44C-BC41D807288B}.Ad-Hoc|ARM.Build.0 = Debug|Any CPU
		{7C592F3C-5637-4A0A-B44C-BC41D807288B}.Ad-Hoc|iPhone.ActiveCfg = Debug|Any CPU
		{7C592F3C-5637-4A0A-B44C-BC41D807288B}.Ad-Hoc|iPhone.Build.0 = Debug|Any CPU
		{7C592F3C-5637-4A0A-B44C-BC41D807288B}.Ad-Hoc|iPhoneSimulator.ActiveCfg = Debug|Any CPU
		{7C592F3C-5637-4A0A-B44C-BC41D807288B}.Ad-Hoc|iPhoneSimulator.Build.0 = Debug|Any CPU
		{7C592F3C-5637-4A0A-B44C-BC41D807288B}.Ad-Hoc|x64.ActiveCfg = Debug|Any CPU
		{7C592F3C-5637-4A0A-B44C-BC41D807288B}.Ad-Hoc|x64.Build.0 = Debug|Any CPU
		{7C592F3C-5637-4A0A-B44C-BC41D807288B}.Ad-Hoc|x86.ActiveCfg = Debug|Any CPU
		{7C592F3C-5637-4A0A-B44C-BC41D807288B}.Ad-Hoc|x86.Build.0 = Debug|Any CPU
		{7C592F3C-5637-4A0A-B44C-BC41D807288B}.AppStore|Any CPU.ActiveCfg = Debug|Any CPU
		{7C592F3C-5637-4A0A-B44C-BC41D807288B}.AppStore|Any CPU.Build.0 = Debug|Any CPU
		{7C592F3C-5637-4A0A-B44C-BC41D807288B}.AppStore|ARM.ActiveCfg = Debug|Any CPU
		{7C592F3C-5637-4A0A-B44C-BC41D807288B}.AppStore|ARM.Build.0 = Debug|Any CPU
		{7C592F3C-5637-4A0A-B44C-BC41D807288B}.AppStore|iPhone.ActiveCfg = Debug|Any CPU
		{7C592F3C-5637-4A0A-B44C-BC41D807288B}.AppStore|iPhone.Build.0 = Debug|Any CPU
		{7C592F3C-5637-4A0A-B44C-BC41D807288B}.AppStore|iPhoneSimulator.ActiveCfg = Debug|Any CPU
		{7C592F3C-5637-4A0A-B44C-BC41D807288B}.AppStore|iPhoneSimulator.Build.0 = Debug|Any CPU
		{7C592F3C-5637-4A0A-B44C-BC41D807288B}.AppStore|x64.ActiveCfg = Debug|Any CPU
		{7C592F3C-5637-4A0A-B44C-BC41D807288B}.AppStore|x64.Build.0 = Debug|Any CPU
		{7C592F3C-5637-4A0A-B44C-BC41D807288B}.AppStore|x86.ActiveCfg = Debug|Any CPU
		{7C592F3C-5637-4A0A-B44C-BC41D807288B}.AppStore|x86.Build.0 = Debug|Any CPU
		{7C592F3C-5637-4A0A-B44C-BC41D807288B}.Debug|Any CPU.ActiveCfg = Debug|Any CPU
		{7C592F3C-5637-4A0A-B44C-BC41D807288B}.Debug|Any CPU.Build.0 = Debug|Any CPU
		{7C592F3C-5637-4A0A-B44C-BC41D807288B}.Debug|ARM.ActiveCfg = Debug|Any CPU
		{7C592F3C-5637-4A0A-B44C-BC41D807288B}.Debug|ARM.Build.0 = Debug|Any CPU
		{7C592F3C-5637-4A0A-B44C-BC41D807288B}.Debug|iPhone.ActiveCfg = Debug|Any CPU
		{7C592F3C-5637-4A0A-B44C-BC41D807288B}.Debug|iPhone.Build.0 = Debug|Any CPU
		{7C592F3C-5637-4A0A-B44C-BC41D807288B}.Debug|iPhoneSimulator.ActiveCfg = Debug|Any CPU
		{7C592F3C-5637-4A0A-B44C-BC41D807288B}.Debug|iPhoneSimulator.Build.0 = Debug|Any CPU
		{7C592F3C-5637-4A0A-B44C-BC41D807288B}.Debug|x64.ActiveCfg = Debug|Any CPU
		{7C592F3C-5637-4A0A-B44C-BC41D807288B}.Debug|x64.Build.0 = Debug|Any CPU
		{7C592F3C-5637-4A0A-B44C-BC41D807288B}.Debug|x86.ActiveCfg = Debug|Any CPU
		{7C592F3C-5637-4A0A-B44C-BC41D807288B}.Debug|x86.Build.0 = Debug|Any CPU
		{7C592F3C-5637-4A0A-B44C-BC41D807288B}.Release|Any CPU.ActiveCfg = Release|Any CPU
		{7C592F3C-5637-4A0A-B44C-BC41D807288B}.Release|Any CPU.Build.0 = Release|Any CPU
		{7C592F3C-5637-4A0A-B44C-BC41D807288B}.Release|ARM.ActiveCfg = Release|Any CPU
		{7C592F3C-5637-4A0A-B44C-BC41D807288B}.Release|ARM.Build.0 = Release|Any CPU
		{7C592F3C-5637-4A0A-B44C-BC41D807288B}.Release|iPhone.ActiveCfg = Release|Any CPU
		{7C592F3C-5637-4A0A-B44C-BC41D807288B}.Release|iPhone.Build.0 = Release|Any CPU
		{7C592F3C-5637-4A0A-B44C-BC41D807288B}.Release|iPhoneSimulator.ActiveCfg = Release|Any CPU
		{7C592F3C-5637-4A0A-B44C-BC41D807288B}.Release|iPhoneSimulator.Build.0 = Release|Any CPU
		{7C592F3C-5637-4A0A-B44C-BC41D807288B}.Release|x64.ActiveCfg = Release|Any CPU
		{7C592F3C-5637-4A0A-B44C-BC41D807288B}.Release|x64.Build.0 = Release|Any CPU
		{7C592F3C-5637-4A0A-B44C-BC41D807288B}.Release|x86.ActiveCfg = Release|Any CPU
		{7C592F3C-5637-4A0A-B44C-BC41D807288B}.Release|x86.Build.0 = Release|Any CPU
	EndGlobalSection
	GlobalSection(SolutionProperties) = preSolution
		HideSolutionNode = FALSE
	EndGlobalSection
	GlobalSection(ExtensibilityGlobals) = postSolution
		SolutionGuid = {202C50E5-DE96-4DFD-90D7-B44E18FB694E}
	EndGlobalSection
EndGlobal
